
Microsoft Visual Studio Solution File, Format Version 12.00
# Visual Studio Version 17
VisualStudioVersion = 17.0.31903.59
MinimumVisualStudioVersion = 10.0.40219.1
Project("{2150E333-8FDC-42A3-9474-1A3956D46DE8}") = "src", "src", "{827E0CD3-B72D-47B6-A68D-7590B98EB39B}"
EndProject
Project("{FAE04EC0-301F-11D3-BF4B-00C04F79EFBC}") = "Vein.Compiler", "src\Vein.Compiler\Vein.Compiler.csproj", "{B43A907C-63C6-47DD-B2FE-131BA4CF93E9}"
EndProject
Project("{FAE04EC0-301F-11D3-BF4B-00C04F79EFBC}") = "Vein.Cli", "src\Vein.Cli\Vein.Cli.csproj", "{39296158-0CD6-4126-8201-1048F277C029}"
EndProject
Project("{FAE04EC0-301F-11D3-BF4B-00C04F79EFBC}") = "Vein.Workbench", "src\Vein.Workbench\Vein.Workbench.csproj", "{B78E73D7-30D7-4D9E-AD58-D5985687517F}"
EndProject
Project("{FAE04EC0-301F-11D3-BF4B-00C04F79EFBC}") = "Vein.Tests", "src\Vein.Tests\Vein.Tests.csproj", "{6C4C926F-8D6C-4394-984B-F97C9B8C62B6}"
EndProject
Global
	GlobalSection(SolutionConfigurationPlatforms) = preSolution
		Debug|Any CPU = Debug|Any CPU
		Debug|x64 = Debug|x64
		Debug|x86 = Debug|x86
		Release|Any CPU = Release|Any CPU
		Release|x64 = Release|x64
		Release|x86 = Release|x86
	EndGlobalSection
	GlobalSection(ProjectConfigurationPlatforms) = postSolution
		{B43A907C-63C6-47DD-B2FE-131BA4CF93E9}.Debug|Any CPU.ActiveCfg = Debug|Any CPU
		{B43A907C-63C6-47DD-B2FE-131BA4CF93E9}.Debug|Any CPU.Build.0 = Debug|Any CPU
		{B43A907C-63C6-47DD-B2FE-131BA4CF93E9}.Debug|x64.ActiveCfg = Debug|Any CPU
		{B43A907C-63C6-47DD-B2FE-131BA4CF93E9}.Debug|x64.Build.0 = Debug|Any CPU
		{B43A907C-63C6-47DD-B2FE-131BA4CF93E9}.Debug|x86.ActiveCfg = Debug|Any CPU
		{B43A907C-63C6-47DD-B2FE-131BA4CF93E9}.Debug|x86.Build.0 = Debug|Any CPU
		{B43A907C-63C6-47DD-B2FE-131BA4CF93E9}.Release|Any CPU.ActiveCfg = Release|Any CPU
		{B43A907C-63C6-47DD-B2FE-131BA4CF93E9}.Release|Any CPU.Build.0 = Release|Any CPU
		{B43A907C-63C6-47DD-B2FE-131BA4CF93E9}.Release|x64.ActiveCfg = Release|Any CPU
		{B43A907C-63C6-47DD-B2FE-131BA4CF93E9}.Release|x64.Build.0 = Release|Any CPU
		{B43A907C-63C6-47DD-B2FE-131BA4CF93E9}.Release|x86.ActiveCfg = Release|Any CPU
		{B43A907C-63C6-47DD-B2FE-131BA4CF93E9}.Release|x86.Build.0 = Release|Any CPU
		{39296158-0CD6-4126-8201-1048F277C029}.Debug|Any CPU.ActiveCfg = Debug|Any CPU
		{39296158-0CD6-4126-8201-1048F277C029}.Debug|Any CPU.Build.0 = Debug|Any CPU
		{39296158-0CD6-4126-8201-1048F277C029}.Debug|x64.ActiveCfg = Debug|Any CPU
		{39296158-0CD6-4126-8201-1048F277C029}.Debug|x64.Build.0 = Debug|Any CPU
		{39296158-0CD6-4126-8201-1048F277C029}.Debug|x86.ActiveCfg = Debug|Any CPU
		{39296158-0CD6-4126-8201-1048F277C029}.Debug|x86.Build.0 = Debug|Any CPU
		{39296158-0CD6-4126-8201-1048F277C029}.Release|Any CPU.ActiveCfg = Release|Any CPU
		{39296158-0CD6-4126-8201-1048F277C029}.Release|Any CPU.Build.0 = Release|Any CPU
		{39296158-0CD6-4126-8201-1048F277C029}.Release|x64.ActiveCfg = Release|Any CPU
		{39296158-0CD6-4126-8201-1048F277C029}.Release|x64.Build.0 = Release|Any CPU
		{39296158-0CD6-4126-8201-1048F277C029}.Release|x86.ActiveCfg = Release|Any CPU
		{39296158-0CD6-4126-8201-1048F277C029}.Release|x86.Build.0 = Release|Any CPU
		{B78E73D7-30D7-4D9E-AD58-D5985687517F}.Debug|Any CPU.ActiveCfg = Debug|Any CPU
		{B78E73D7-30D7-4D9E-AD58-D5985687517F}.Debug|Any CPU.Build.0 = Debug|Any CPU
		{B78E73D7-30D7-4D9E-AD58-D5985687517F}.Debug|x64.ActiveCfg = Debug|Any CPU
		{B78E73D7-30D7-4D9E-AD58-D5985687517F}.Debug|x64.Build.0 = Debug|Any CPU
		{B78E73D7-30D7-4D9E-AD58-D5985687517F}.Debug|x86.ActiveCfg = Debug|Any CPU
		{B78E73D7-30D7-4D9E-AD58-D5985687517F}.Debug|x86.Build.0 = Debug|Any CPU
		{B78E73D7-30D7-4D9E-AD58-D5985687517F}.Release|Any CPU.ActiveCfg = Release|Any CPU
		{B78E73D7-30D7-4D9E-AD58-D5985687517F}.Release|Any CPU.Build.0 = Release|Any CPU
		{B78E73D7-30D7-4D9E-AD58-D5985687517F}.Release|x64.ActiveCfg = Release|Any CPU
		{B78E73D7-30D7-4D9E-AD58-D5985687517F}.Release|x64.Build.0 = Release|Any CPU
		{B78E73D7-30D7-4D9E-AD58-D5985687517F}.Release|x86.ActiveCfg = Release|Any CPU
		{B78E73D7-30D7-4D9E-AD58-D5985687517F}.Release|x86.Build.0 = Release|Any CPU
		{6C4C926F-8D6C-4394-984B-F97C9B8C62B6}.Debug|Any CPU.ActiveCfg = Debug|Any CPU
		{6C4C926F-8D6C-4394-984B-F97C9B8C62B6}.Debug|Any CPU.Build.0 = Debug|Any CPU
		{6C4C926F-8D6C-4394-984B-F97C9B8C62B6}.Debug|x64.ActiveCfg = Debug|Any CPU
		{6C4C926F-8D6C-4394-984B-F97C9B8C62B6}.Debug|x64.Build.0 = Debug|Any CPU
		{6C4C926F-8D6C-4394-984B-F97C9B8C62B6}.Debug|x86.ActiveCfg = Debug|Any CPU
		{6C4C926F-8D6C-4394-984B-F97C9B8C62B6}.Debug|x86.Build.0 = Debug|Any CPU
		{6C4C926F-8D6C-4394-984B-F97C9B8C62B6}.Release|Any CPU.ActiveCfg = Release|Any CPU
		{6C4C926F-8D6C-4394-984B-F97C9B8C62B6}.Release|Any CPU.Build.0 = Release|Any CPU
		{6C4C926F-8D6C-4394-984B-F97C9B8C62B6}.Release|x64.ActiveCfg = Release|Any CPU
		{6C4C926F-8D6C-4394-984B-F97C9B8C62B6}.Release|x64.Build.0 = Release|Any CPU
		{6C4C926F-8D6C-4394-984B-F97C9B8C62B6}.Release|x86.ActiveCfg = Release|Any CPU
		{6C4C926F-8D6C-4394-984B-F97C9B8C62B6}.Release|x86.Build.0 = Release|Any CPU
	EndGlobalSection
	GlobalSection(SolutionProperties) = preSolution
		HideSolutionNode = FALSE
	EndGlobalSection
	GlobalSection(NestedProjects) = preSolution
		{B43A907C-63C6-47DD-B2FE-131BA4CF93E9} = {827E0CD3-B72D-47B6-A68D-7590B98EB39B}
		{39296158-0CD6-4126-8201-1048F277C029} = {827E0CD3-B72D-47B6-A68D-7590B98EB39B}
		{B78E73D7-30D7-4D9E-AD58-D5985687517F} = {827E0CD3-B72D-47B6-A68D-7590B98EB39B}
		{6C4C926F-8D6C-4394-984B-F97C9B8C62B6} = {827E0CD3-B72D-47B6-A68D-7590B98EB39B}
	EndGlobalSection
EndGlobal
